// !$*UTF8*$!
{
	archiveVersion = 1;
	classes = {
	};
	objectVersion = 50;
	objects = {

/* Begin PBXBuildFile section */
		4DA85186299F888A6FCF399A /* libPods-DiHolaShakingAPITests.a in Frameworks */ = {isa = PBXBuildFile; fileRef = 7274179897A5D5F98BA75573 /* libPods-DiHolaShakingAPITests.a */; };
		54255EA922B132AD002D3C3C /* DiHolaShakingAPI.framework in Frameworks */ = {isa = PBXBuildFile; fileRef = 54255E9F22B132AD002D3C3C /* DiHolaShakingAPI.framework */; };
		54255EAE22B132AD002D3C3C /* DiHolaShakingAPITests.swift in Sources */ = {isa = PBXBuildFile; fileRef = 54255EAD22B132AD002D3C3C /* DiHolaShakingAPITests.swift */; };
		54255EB022B132AD002D3C3C /* DiHolaShakingAPI.h in Headers */ = {isa = PBXBuildFile; fileRef = 54255EA222B132AD002D3C3C /* DiHolaShakingAPI.h */; settings = {ATTRIBUTES = (Public, ); }; };
		54255EBB22B134D1002D3C3C /* ShakingAPI.swift in Sources */ = {isa = PBXBuildFile; fileRef = 54255EB922B134D1002D3C3C /* ShakingAPI.swift */; };
		54255EBC22B134D1002D3C3C /* Codes.swift in Sources */ = {isa = PBXBuildFile; fileRef = 54255EBA22B134D1002D3C3C /* Codes.swift */; };
		64C5837840C000F5F68C06FF /* libPods-DiHolaShakingAPI.a in Frameworks */ = {isa = PBXBuildFile; fileRef = 22C13E00DC76AE960A8CA367 /* libPods-DiHolaShakingAPI.a */; };
/* End PBXBuildFile section */

/* Begin PBXContainerItemProxy section */
		54255EAA22B132AD002D3C3C /* PBXContainerItemProxy */ = {
			isa = PBXContainerItemProxy;
			containerPortal = 54255E9622B132AC002D3C3C /* Project object */;
			proxyType = 1;
			remoteGlobalIDString = 54255E9E22B132AD002D3C3C;
			remoteInfo = DiHolaShakingAPI;
		};
/* End PBXContainerItemProxy section */

/* Begin PBXFileReference section */
		22C13E00DC76AE960A8CA367 /* libPods-DiHolaShakingAPI.a */ = {isa = PBXFileReference; explicitFileType = archive.ar; includeInIndex = 0; path = "libPods-DiHolaShakingAPI.a"; sourceTree = BUILT_PRODUCTS_DIR; };
		34C9138F001E67D529D72A91 /* Pods-DiHolaShakingAPITests.release.xcconfig */ = {isa = PBXFileReference; includeInIndex = 1; lastKnownFileType = text.xcconfig; name = "Pods-DiHolaShakingAPITests.release.xcconfig"; path = "Target Support Files/Pods-DiHolaShakingAPITests/Pods-DiHolaShakingAPITests.release.xcconfig"; sourceTree = "<group>"; };
		54255E9F22B132AD002D3C3C /* DiHolaShakingAPI.framework */ = {isa = PBXFileReference; explicitFileType = wrapper.framework; includeInIndex = 0; path = DiHolaShakingAPI.framework; sourceTree = BUILT_PRODUCTS_DIR; };
		54255EA222B132AD002D3C3C /* DiHolaShakingAPI.h */ = {isa = PBXFileReference; lastKnownFileType = sourcecode.c.h; path = DiHolaShakingAPI.h; sourceTree = "<group>"; };
		54255EA322B132AD002D3C3C /* Info.plist */ = {isa = PBXFileReference; lastKnownFileType = text.plist.xml; path = Info.plist; sourceTree = "<group>"; };
		54255EA822B132AD002D3C3C /* DiHolaShakingAPITests.xctest */ = {isa = PBXFileReference; explicitFileType = wrapper.cfbundle; includeInIndex = 0; path = DiHolaShakingAPITests.xctest; sourceTree = BUILT_PRODUCTS_DIR; };
		54255EAD22B132AD002D3C3C /* DiHolaShakingAPITests.swift */ = {isa = PBXFileReference; lastKnownFileType = sourcecode.swift; path = DiHolaShakingAPITests.swift; sourceTree = "<group>"; };
		54255EAF22B132AD002D3C3C /* Info.plist */ = {isa = PBXFileReference; lastKnownFileType = text.plist.xml; path = Info.plist; sourceTree = "<group>"; };
		54255EB922B134D1002D3C3C /* ShakingAPI.swift */ = {isa = PBXFileReference; fileEncoding = 4; lastKnownFileType = sourcecode.swift; path = ShakingAPI.swift; sourceTree = "<group>"; };
		54255EBA22B134D1002D3C3C /* Codes.swift */ = {isa = PBXFileReference; fileEncoding = 4; lastKnownFileType = sourcecode.swift; path = Codes.swift; sourceTree = "<group>"; };
		59F850852DBC5E372AF353D6 /* Pods-DiHolaShakingAPI.release.xcconfig */ = {isa = PBXFileReference; includeInIndex = 1; lastKnownFileType = text.xcconfig; name = "Pods-DiHolaShakingAPI.release.xcconfig"; path = "Target Support Files/Pods-DiHolaShakingAPI/Pods-DiHolaShakingAPI.release.xcconfig"; sourceTree = "<group>"; };
		7274179897A5D5F98BA75573 /* libPods-DiHolaShakingAPITests.a */ = {isa = PBXFileReference; explicitFileType = archive.ar; includeInIndex = 0; path = "libPods-DiHolaShakingAPITests.a"; sourceTree = BUILT_PRODUCTS_DIR; };
		93A315EA7A8D6037B713AA15 /* Pods-DiHolaShakingAPITests.debug.xcconfig */ = {isa = PBXFileReference; includeInIndex = 1; lastKnownFileType = text.xcconfig; name = "Pods-DiHolaShakingAPITests.debug.xcconfig"; path = "Target Support Files/Pods-DiHolaShakingAPITests/Pods-DiHolaShakingAPITests.debug.xcconfig"; sourceTree = "<group>"; };
		D3715876B494BC4AEF924C33 /* Pods-DiHolaShakingAPI.debug.xcconfig */ = {isa = PBXFileReference; includeInIndex = 1; lastKnownFileType = text.xcconfig; name = "Pods-DiHolaShakingAPI.debug.xcconfig"; path = "Target Support Files/Pods-DiHolaShakingAPI/Pods-DiHolaShakingAPI.debug.xcconfig"; sourceTree = "<group>"; };
/* End PBXFileReference section */

/* Begin PBXFrameworksBuildPhase section */
		54255E9C22B132AD002D3C3C /* Frameworks */ = {
			isa = PBXFrameworksBuildPhase;
			buildActionMask = 2147483647;
			files = (
				64C5837840C000F5F68C06FF /* libPods-DiHolaShakingAPI.a in Frameworks */,
			);
			runOnlyForDeploymentPostprocessing = 0;
		};
		54255EA522B132AD002D3C3C /* Frameworks */ = {
			isa = PBXFrameworksBuildPhase;
			buildActionMask = 2147483647;
			files = (
				54255EA922B132AD002D3C3C /* DiHolaShakingAPI.framework in Frameworks */,
				4DA85186299F888A6FCF399A /* libPods-DiHolaShakingAPITests.a in Frameworks */,
			);
			runOnlyForDeploymentPostprocessing = 0;
		};
/* End PBXFrameworksBuildPhase section */

/* Begin PBXGroup section */
		54255E9522B132AC002D3C3C = {
			isa = PBXGroup;
			children = (
				54255EA122B132AD002D3C3C /* DiHolaShakingAPI */,
				54255EAC22B132AD002D3C3C /* DiHolaShakingAPITests */,
				54255EA022B132AD002D3C3C /* Products */,
				64CA2D83472FAFC146A1BB4E /* Pods */,
				EA29CFD6397B08283009747E /* Frameworks */,
			);
			sourceTree = "<group>";
		};
		54255EA022B132AD002D3C3C /* Products */ = {
			isa = PBXGroup;
			children = (
				54255E9F22B132AD002D3C3C /* DiHolaShakingAPI.framework */,
				54255EA822B132AD002D3C3C /* DiHolaShakingAPITests.xctest */,
			);
			name = Products;
			sourceTree = "<group>";
		};
		54255EA122B132AD002D3C3C /* DiHolaShakingAPI */ = {
			isa = PBXGroup;
			children = (
				54255EA222B132AD002D3C3C /* DiHolaShakingAPI.h */,
				54255EBA22B134D1002D3C3C /* Codes.swift */,
				54255EB922B134D1002D3C3C /* ShakingAPI.swift */,
				54255EA322B132AD002D3C3C /* Info.plist */,
			);
			path = DiHolaShakingAPI;
			sourceTree = "<group>";
		};
		54255EAC22B132AD002D3C3C /* DiHolaShakingAPITests */ = {
			isa = PBXGroup;
			children = (
				54255EAD22B132AD002D3C3C /* DiHolaShakingAPITests.swift */,
				54255EAF22B132AD002D3C3C /* Info.plist */,
			);
			path = DiHolaShakingAPITests;
			sourceTree = "<group>";
		};
		64CA2D83472FAFC146A1BB4E /* Pods */ = {
			isa = PBXGroup;
			children = (
				D3715876B494BC4AEF924C33 /* Pods-DiHolaShakingAPI.debug.xcconfig */,
				59F850852DBC5E372AF353D6 /* Pods-DiHolaShakingAPI.release.xcconfig */,
				93A315EA7A8D6037B713AA15 /* Pods-DiHolaShakingAPITests.debug.xcconfig */,
				34C9138F001E67D529D72A91 /* Pods-DiHolaShakingAPITests.release.xcconfig */,
			);
			path = Pods;
			sourceTree = "<group>";
		};
		EA29CFD6397B08283009747E /* Frameworks */ = {
			isa = PBXGroup;
			children = (
				22C13E00DC76AE960A8CA367 /* libPods-DiHolaShakingAPI.a */,
				7274179897A5D5F98BA75573 /* libPods-DiHolaShakingAPITests.a */,
			);
			name = Frameworks;
			sourceTree = "<group>";
		};
/* End PBXGroup section */

/* Begin PBXHeadersBuildPhase section */
		54255E9A22B132AD002D3C3C /* Headers */ = {
			isa = PBXHeadersBuildPhase;
			buildActionMask = 2147483647;
			files = (
				54255EB022B132AD002D3C3C /* DiHolaShakingAPI.h in Headers */,
			);
			runOnlyForDeploymentPostprocessing = 0;
		};
/* End PBXHeadersBuildPhase section */

/* Begin PBXNativeTarget section */
		54255E9E22B132AD002D3C3C /* DiHolaShakingAPI */ = {
			isa = PBXNativeTarget;
			buildConfigurationList = 54255EB322B132AD002D3C3C /* Build configuration list for PBXNativeTarget "DiHolaShakingAPI" */;
			buildPhases = (
				40A3661BCC0CDCDDC9424F7A /* [CP] Check Pods Manifest.lock */,
				54255E9A22B132AD002D3C3C /* Headers */,
				54255E9B22B132AD002D3C3C /* Sources */,
				54255E9C22B132AD002D3C3C /* Frameworks */,
				54255E9D22B132AD002D3C3C /* Resources */,
			);
			buildRules = (
			);
			dependencies = (
			);
			name = DiHolaShakingAPI;
			productName = DiHolaShakingAPI;
			productReference = 54255E9F22B132AD002D3C3C /* DiHolaShakingAPI.framework */;
			productType = "com.apple.product-type.framework";
		};
		54255EA722B132AD002D3C3C /* DiHolaShakingAPITests */ = {
			isa = PBXNativeTarget;
			buildConfigurationList = 54255EB622B132AD002D3C3C /* Build configuration list for PBXNativeTarget "DiHolaShakingAPITests" */;
			buildPhases = (
				CE7D2E24C6D68A80BB1D56F7 /* [CP] Check Pods Manifest.lock */,
				54255EA422B132AD002D3C3C /* Sources */,
				54255EA522B132AD002D3C3C /* Frameworks */,
				54255EA622B132AD002D3C3C /* Resources */,
			);
			buildRules = (
			);
			dependencies = (
				54255EAB22B132AD002D3C3C /* PBXTargetDependency */,
			);
			name = DiHolaShakingAPITests;
			productName = DiHolaShakingAPITests;
			productReference = 54255EA822B132AD002D3C3C /* DiHolaShakingAPITests.xctest */;
			productType = "com.apple.product-type.bundle.unit-test";
		};
/* End PBXNativeTarget section */

/* Begin PBXProject section */
		54255E9622B132AC002D3C3C /* Project object */ = {
			isa = PBXProject;
			attributes = {
				LastSwiftUpdateCheck = 1010;
				LastUpgradeCheck = 1010;
				ORGANIZATIONNAME = "DiHola S.L.";
				TargetAttributes = {
					54255E9E22B132AD002D3C3C = {
						CreatedOnToolsVersion = 10.1;
						LastSwiftMigration = 1010;
					};
					54255EA722B132AD002D3C3C = {
						CreatedOnToolsVersion = 10.1;
					};
				};
			};
			buildConfigurationList = 54255E9922B132AC002D3C3C /* Build configuration list for PBXProject "DiHolaShakingAPI" */;
			compatibilityVersion = "Xcode 9.3";
			developmentRegion = en;
			hasScannedForEncodings = 0;
			knownRegions = (
				en,
			);
			mainGroup = 54255E9522B132AC002D3C3C;
			productRefGroup = 54255EA022B132AD002D3C3C /* Products */;
			projectDirPath = "";
			projectRoot = "";
			targets = (
				54255E9E22B132AD002D3C3C /* DiHolaShakingAPI */,
				54255EA722B132AD002D3C3C /* DiHolaShakingAPITests */,
			);
		};
/* End PBXProject section */

/* Begin PBXResourcesBuildPhase section */
		54255E9D22B132AD002D3C3C /* Resources */ = {
			isa = PBXResourcesBuildPhase;
			buildActionMask = 2147483647;
			files = (
			);
			runOnlyForDeploymentPostprocessing = 0;
		};
		54255EA622B132AD002D3C3C /* Resources */ = {
			isa = PBXResourcesBuildPhase;
			buildActionMask = 2147483647;
			files = (
			);
			runOnlyForDeploymentPostprocessing = 0;
		};
/* End PBXResourcesBuildPhase section */

/* Begin PBXShellScriptBuildPhase section */
		40A3661BCC0CDCDDC9424F7A /* [CP] Check Pods Manifest.lock */ = {
			isa = PBXShellScriptBuildPhase;
			buildActionMask = 2147483647;
			files = (
			);
			inputFileListPaths = (
			);
			inputPaths = (
				"${PODS_PODFILE_DIR_PATH}/Podfile.lock",
				"${PODS_ROOT}/Manifest.lock",
			);
			name = "[CP] Check Pods Manifest.lock";
			outputFileListPaths = (
			);
			outputPaths = (
				"$(DERIVED_FILE_DIR)/Pods-DiHolaShakingAPI-checkManifestLockResult.txt",
			);
			runOnlyForDeploymentPostprocessing = 0;
			shellPath = /bin/sh;
			shellScript = "diff \"${PODS_PODFILE_DIR_PATH}/Podfile.lock\" \"${PODS_ROOT}/Manifest.lock\" > /dev/null\nif [ $? != 0 ] ; then\n    # print error to STDERR\n    echo \"error: The sandbox is not in sync with the Podfile.lock. Run 'pod install' or update your CocoaPods installation.\" >&2\n    exit 1\nfi\n# This output is used by Xcode 'outputs' to avoid re-running this script phase.\necho \"SUCCESS\" > \"${SCRIPT_OUTPUT_FILE_0}\"\n";
			showEnvVarsInLog = 0;
		};
		CE7D2E24C6D68A80BB1D56F7 /* [CP] Check Pods Manifest.lock */ = {
			isa = PBXShellScriptBuildPhase;
			buildActionMask = 2147483647;
			files = (
			);
			inputFileListPaths = (
			);
			inputPaths = (
				"${PODS_PODFILE_DIR_PATH}/Podfile.lock",
				"${PODS_ROOT}/Manifest.lock",
			);
			name = "[CP] Check Pods Manifest.lock";
			outputFileListPaths = (
			);
			outputPaths = (
				"$(DERIVED_FILE_DIR)/Pods-DiHolaShakingAPITests-checkManifestLockResult.txt",
			);
			runOnlyForDeploymentPostprocessing = 0;
			shellPath = /bin/sh;
			shellScript = "diff \"${PODS_PODFILE_DIR_PATH}/Podfile.lock\" \"${PODS_ROOT}/Manifest.lock\" > /dev/null\nif [ $? != 0 ] ; then\n    # print error to STDERR\n    echo \"error: The sandbox is not in sync with the Podfile.lock. Run 'pod install' or update your CocoaPods installation.\" >&2\n    exit 1\nfi\n# This output is used by Xcode 'outputs' to avoid re-running this script phase.\necho \"SUCCESS\" > \"${SCRIPT_OUTPUT_FILE_0}\"\n";
			showEnvVarsInLog = 0;
		};
/* End PBXShellScriptBuildPhase section */

/* Begin PBXSourcesBuildPhase section */
		54255E9B22B132AD002D3C3C /* Sources */ = {
			isa = PBXSourcesBuildPhase;
			buildActionMask = 2147483647;
			files = (
				54255EBC22B134D1002D3C3C /* Codes.swift in Sources */,
				54255EBB22B134D1002D3C3C /* ShakingAPI.swift in Sources */,
			);
			runOnlyForDeploymentPostprocessing = 0;
		};
		54255EA422B132AD002D3C3C /* Sources */ = {
			isa = PBXSourcesBuildPhase;
			buildActionMask = 2147483647;
			files = (
				54255EAE22B132AD002D3C3C /* DiHolaShakingAPITests.swift in Sources */,
			);
			runOnlyForDeploymentPostprocessing = 0;
		};
/* End PBXSourcesBuildPhase section */

/* Begin PBXTargetDependency section */
		54255EAB22B132AD002D3C3C /* PBXTargetDependency */ = {
			isa = PBXTargetDependency;
			target = 54255E9E22B132AD002D3C3C /* DiHolaShakingAPI */;
			targetProxy = 54255EAA22B132AD002D3C3C /* PBXContainerItemProxy */;
		};
/* End PBXTargetDependency section */

/* Begin XCBuildConfiguration section */
		54255EB122B132AD002D3C3C /* Debug */ = {
			isa = XCBuildConfiguration;
			buildSettings = {
				ALWAYS_SEARCH_USER_PATHS = NO;
				CLANG_ANALYZER_NONNULL = YES;
				CLANG_ANALYZER_NUMBER_OBJECT_CONVERSION = YES_AGGRESSIVE;
				CLANG_CXX_LANGUAGE_STANDARD = "gnu++14";
				CLANG_CXX_LIBRARY = "libc++";
				CLANG_ENABLE_MODULES = YES;
				CLANG_ENABLE_OBJC_ARC = YES;
				CLANG_ENABLE_OBJC_WEAK = YES;
				CLANG_WARN_BLOCK_CAPTURE_AUTORELEASING = YES;
				CLANG_WARN_BOOL_CONVERSION = YES;
				CLANG_WARN_COMMA = YES;
				CLANG_WARN_CONSTANT_CONVERSION = YES;
				CLANG_WARN_DEPRECATED_OBJC_IMPLEMENTATIONS = YES;
				CLANG_WARN_DIRECT_OBJC_ISA_USAGE = YES_ERROR;
				CLANG_WARN_DOCUMENTATION_COMMENTS = YES;
				CLANG_WARN_EMPTY_BODY = YES;
				CLANG_WARN_ENUM_CONVERSION = YES;
				CLANG_WARN_INFINITE_RECURSION = YES;
				CLANG_WARN_INT_CONVERSION = YES;
				CLANG_WARN_NON_LITERAL_NULL_CONVERSION = YES;
				CLANG_WARN_OBJC_IMPLICIT_RETAIN_SELF = YES;
				CLANG_WARN_OBJC_LITERAL_CONVERSION = YES;
				CLANG_WARN_OBJC_ROOT_CLASS = YES_ERROR;
				CLANG_WARN_RANGE_LOOP_ANALYSIS = YES;
				CLANG_WARN_STRICT_PROTOTYPES = YES;
				CLANG_WARN_SUSPICIOUS_MOVE = YES;
				CLANG_WARN_UNGUARDED_AVAILABILITY = YES_AGGRESSIVE;
				CLANG_WARN_UNREACHABLE_CODE = YES;
				CLANG_WARN__DUPLICATE_METHOD_MATCH = YES;
				CODE_SIGN_IDENTITY = "iPhone Developer";
				COPY_PHASE_STRIP = NO;
				CURRENT_PROJECT_VERSION = 1;
				DEBUG_INFORMATION_FORMAT = dwarf;
				ENABLE_STRICT_OBJC_MSGSEND = YES;
				ENABLE_TESTABILITY = YES;
				GCC_C_LANGUAGE_STANDARD = gnu11;
				GCC_DYNAMIC_NO_PIC = NO;
				GCC_NO_COMMON_BLOCKS = YES;
				GCC_OPTIMIZATION_LEVEL = 0;
				GCC_PREPROCESSOR_DEFINITIONS = (
					"DEBUG=1",
					"$(inherited)",
				);
				GCC_WARN_64_TO_32_BIT_CONVERSION = YES;
				GCC_WARN_ABOUT_RETURN_TYPE = YES_ERROR;
				GCC_WARN_UNDECLARED_SELECTOR = YES;
				GCC_WARN_UNINITIALIZED_AUTOS = YES_AGGRESSIVE;
				GCC_WARN_UNUSED_FUNCTION = YES;
				GCC_WARN_UNUSED_VARIABLE = YES;
				IPHONEOS_DEPLOYMENT_TARGET = 12.1;
				MTL_ENABLE_DEBUG_INFO = INCLUDE_SOURCE;
				MTL_FAST_MATH = YES;
				ONLY_ACTIVE_ARCH = YES;
				SDKROOT = iphoneos;
				SWIFT_ACTIVE_COMPILATION_CONDITIONS = DEBUG;
				SWIFT_OPTIMIZATION_LEVEL = "-Onone";
				VERSIONING_SYSTEM = "apple-generic";
				VERSION_INFO_PREFIX = "";
			};
			name = Debug;
		};
		54255EB222B132AD002D3C3C /* Release */ = {
			isa = XCBuildConfiguration;
			buildSettings = {
				ALWAYS_SEARCH_USER_PATHS = NO;
				CLANG_ANALYZER_NONNULL = YES;
				CLANG_ANALYZER_NUMBER_OBJECT_CONVERSION = YES_AGGRESSIVE;
				CLANG_CXX_LANGUAGE_STANDARD = "gnu++14";
				CLANG_CXX_LIBRARY = "libc++";
				CLANG_ENABLE_MODULES = YES;
				CLANG_ENABLE_OBJC_ARC = YES;
				CLANG_ENABLE_OBJC_WEAK = YES;
				CLANG_WARN_BLOCK_CAPTURE_AUTORELEASING = YES;
				CLANG_WARN_BOOL_CONVERSION = YES;
				CLANG_WARN_COMMA = YES;
				CLANG_WARN_CONSTANT_CONVERSION = YES;
				CLANG_WARN_DEPRECATED_OBJC_IMPLEMENTATIONS = YES;
				CLANG_WARN_DIRECT_OBJC_ISA_USAGE = YES_ERROR;
				CLANG_WARN_DOCUMENTATION_COMMENTS = YES;
				CLANG_WARN_EMPTY_BODY = YES;
				CLANG_WARN_ENUM_CONVERSION = YES;
				CLANG_WARN_INFINITE_RECURSION = YES;
				CLANG_WARN_INT_CONVERSION = YES;
				CLANG_WARN_NON_LITERAL_NULL_CONVERSION = YES;
				CLANG_WARN_OBJC_IMPLICIT_RETAIN_SELF = YES;
				CLANG_WARN_OBJC_LITERAL_CONVERSION = YES;
				CLANG_WARN_OBJC_ROOT_CLASS = YES_ERROR;
				CLANG_WARN_RANGE_LOOP_ANALYSIS = YES;
				CLANG_WARN_STRICT_PROTOTYPES = YES;
				CLANG_WARN_SUSPICIOUS_MOVE = YES;
				CLANG_WARN_UNGUARDED_AVAILABILITY = YES_AGGRESSIVE;
				CLANG_WARN_UNREACHABLE_CODE = YES;
				CLANG_WARN__DUPLICATE_METHOD_MATCH = YES;
				CODE_SIGN_IDENTITY = "iPhone Developer";
				COPY_PHASE_STRIP = NO;
				CURRENT_PROJECT_VERSION = 1;
				DEBUG_INFORMATION_FORMAT = "dwarf-with-dsym";
				ENABLE_NS_ASSERTIONS = NO;
				ENABLE_STRICT_OBJC_MSGSEND = YES;
				GCC_C_LANGUAGE_STANDARD = gnu11;
				GCC_NO_COMMON_BLOCKS = YES;
				GCC_WARN_64_TO_32_BIT_CONVERSION = YES;
				GCC_WARN_ABOUT_RETURN_TYPE = YES_ERROR;
				GCC_WARN_UNDECLARED_SELECTOR = YES;
				GCC_WARN_UNINITIALIZED_AUTOS = YES_AGGRESSIVE;
				GCC_WARN_UNUSED_FUNCTION = YES;
				GCC_WARN_UNUSED_VARIABLE = YES;
				IPHONEOS_DEPLOYMENT_TARGET = 12.1;
				MTL_ENABLE_DEBUG_INFO = NO;
				MTL_FAST_MATH = YES;
				SDKROOT = iphoneos;
				SWIFT_COMPILATION_MODE = wholemodule;
				SWIFT_OPTIMIZATION_LEVEL = "-O";
				VALIDATE_PRODUCT = YES;
				VERSIONING_SYSTEM = "apple-generic";
				VERSION_INFO_PREFIX = "";
			};
			name = Release;
		};
		54255EB422B132AD002D3C3C /* Debug */ = {
			isa = XCBuildConfiguration;
			baseConfigurationReference = D3715876B494BC4AEF924C33 /* Pods-DiHolaShakingAPI.debug.xcconfig */;
			buildSettings = {
				CLANG_ENABLE_MODULES = YES;
				CODE_SIGN_IDENTITY = "";
				CODE_SIGN_STYLE = Automatic;
				DEFINES_MODULE = YES;
				DEVELOPMENT_TEAM = 2QKG929LBH;
				DYLIB_COMPATIBILITY_VERSION = 1;
				DYLIB_CURRENT_VERSION = 1;
				DYLIB_INSTALL_NAME_BASE = "@rpath";
				INFOPLIST_FILE = DiHolaShakingAPI/Info.plist;
				INSTALL_PATH = "$(LOCAL_LIBRARY_DIR)/Frameworks";
				LD_RUNPATH_SEARCH_PATHS = (
					"$(inherited)",
					"@executable_path/Frameworks",
					"@loader_path/Frameworks",
				);
				PRODUCT_BUNDLE_IDENTIFIER = com.diholapp.DiHolaShakingAPI;
				PRODUCT_NAME = "$(TARGET_NAME:c99extidentifier)";
				SKIP_INSTALL = YES;
				SWIFT_OPTIMIZATION_LEVEL = "-Onone";
				SWIFT_VERSION = 4.2;
				TARGETED_DEVICE_FAMILY = "1,2";
			};
			name = Debug;
		};
		54255EB522B132AD002D3C3C /* Release */ = {
			isa = XCBuildConfiguration;
			baseConfigurationReference = 59F850852DBC5E372AF353D6 /* Pods-DiHolaShakingAPI.release.xcconfig */;
			buildSettings = {
				CLANG_ENABLE_MODULES = YES;
				CODE_SIGN_IDENTITY = "";
				CODE_SIGN_STYLE = Automatic;
				DEFINES_MODULE = YES;
				DEVELOPMENT_TEAM = 2QKG929LBH;
				DYLIB_COMPATIBILITY_VERSION = 1;
				DYLIB_CURRENT_VERSION = 1;
				DYLIB_INSTALL_NAME_BASE = "@rpath";
				INFOPLIST_FILE = DiHolaShakingAPI/Info.plist;
				INSTALL_PATH = "$(LOCAL_LIBRARY_DIR)/Frameworks";
				LD_RUNPATH_SEARCH_PATHS = (
					"$(inherited)",
					"@executable_path/Frameworks",
					"@loader_path/Frameworks",
				);
				PRODUCT_BUNDLE_IDENTIFIER = com.diholapp.DiHolaShakingAPI;
				PRODUCT_NAME = "$(TARGET_NAME:c99extidentifier)";
				SKIP_INSTALL = YES;
				SWIFT_VERSION = 4.2;
				TARGETED_DEVICE_FAMILY = "1,2";
			};
			name = Release;
		};
		54255EB722B132AD002D3C3C /* Debug */ = {
			isa = XCBuildConfiguration;
			baseConfigurationReference = 93A315EA7A8D6037B713AA15 /* Pods-DiHolaShakingAPITests.debug.xcconfig */;
			buildSettings = {
				ALWAYS_EMBED_SWIFT_STANDARD_LIBRARIES = YES;
				CODE_SIGN_STYLE = Automatic;
				DEVELOPMENT_TEAM = 2QKG929LBH;
				INFOPLIST_FILE = DiHolaShakingAPITests/Info.plist;
				LD_RUNPATH_SEARCH_PATHS = (
					"$(inherited)",
					"@executable_path/Frameworks",
					"@loader_path/Frameworks",
				);
				PRODUCT_BUNDLE_IDENTIFIER = com.diholapp.DiHolaShakingAPITests;
				PRODUCT_NAME = "$(TARGET_NAME)";
				SWIFT_VERSION = 4.2;
				TARGETED_DEVICE_FAMILY = "1,2";
			};
			name = Debug;
		};
		54255EB822B132AD002D3C3C /* Release */ = {
			isa = XCBuildConfiguration;
			baseConfigurationReference = 34C9138F001E67D529D72A91 /* Pods-DiHolaShakingAPITests.release.xcconfig */;
			buildSettings = {
				ALWAYS_EMBED_SWIFT_STANDARD_LIBRARIES = YES;
				CODE_SIGN_STYLE = Automatic;
				DEVELOPMENT_TEAM = 2QKG929LBH;
				INFOPLIST_FILE = DiHolaShakingAPITests/Info.plist;
				LD_RUNPATH_SEARCH_PATHS = (
					"$(inherited)",
					"@executable_path/Frameworks",
					"@loader_path/Frameworks",
				);
				PRODUCT_BUNDLE_IDENTIFIER = com.diholapp.DiHolaShakingAPITests;
				PRODUCT_NAME = "$(TARGET_NAME)";
				SWIFT_VERSION = 4.2;
				TARGETED_DEVICE_FAMILY = "1,2";
			};
			name = Release;
		};
/* End XCBuildConfiguration section */

/* Begin XCConfigurationList section */
		54255E9922B132AC002D3C3C /* Build configuration list for PBXProject "DiHolaShakingAPI" */ = {
			isa = XCConfigurationList;
			buildConfigurations = (
				54255EB122B132AD002D3C3C /* Debug */,
				54255EB222B132AD002D3C3C /* Release */,
			);
			defaultConfigurationIsVisible = 0;
			defaultConfigurationName = Release;
		};
		54255EB322B132AD002D3C3C /* Build configuration list for PBXNativeTarget "DiHolaShakingAPI" */ = {
			isa = XCConfigurationList;
			buildConfigurations = (
				54255EB422B132AD002D3C3C /* Debug */,
				54255EB522B132AD002D3C3C /* Release */,
			);
			defaultConfigurationIsVisible = 0;
			defaultConfigurationName = Release;
		};
		54255EB622B132AD002D3C3C /* Build configuration list for PBXNativeTarget "DiHolaShakingAPITests" */ = {
			isa = XCConfigurationList;
			buildConfigurations = (
				54255EB722B132AD002D3C3C /* Debug */,
				54255EB822B132AD002D3C3C /* Release */,
			);
			defaultConfigurationIsVisible = 0;
			defaultConfigurationName = Release;
		};
/* End XCConfigurationList section */
	};
	rootObject = 54255E9622B132AC002D3C3C /* Project object */;
}
